
Microsoft Visual Studio Solution File, Format Version 12.00
# Visual Studio Version 16
VisualStudioVersion = 16.0.30611.23
MinimumVisualStudioVersion = 10.0.40219.1
Project("{FAE04EC0-301F-11D3-BF4B-00C04F79EFBC}") = "LibraryManagementSystem", "LibraryManagementSystem\LibraryManagementSystem.csproj", "{8507A909-7BC8-42C8-8C6F-DD0247708D44}"
EndProject
Global
	GlobalSection(SolutionConfigurationPlatforms) = preSolution
		Debug|Any CPU = Debug|Any CPU
		Release|Any CPU = Release|Any CPU
	EndGlobalSection
	GlobalSection(ProjectConfigurationPlatforms) = postSolution
		{8507A909-7BC8-42C8-8C6F-DD0247708D44}.Debug|Any CPU.ActiveCfg = Debug|Any CPU
		{8507A909-7BC8-42C8-8C6F-DD0247708D44}.Debug|Any CPU.Build.0 = Debug|Any CPU
		{8507A909-7BC8-42C8-8C6F-DD0247708D44}.Release|Any CPU.ActiveCfg = Release|Any CPU
		{8507A909-7BC8-42C8-8C6F-DD0247708D44}.Release|Any CPU.Build.0 = Release|Any CPU
	EndGlobalSection
	GlobalSection(SolutionProperties) = preSolution
		HideSolutionNode = FALSE
	EndGlobalSection
	GlobalSection(ExtensibilityGlobals) = postSolution
		SolutionGuid = {7344EE55-D66F-49AE-9CF2-8A3C133A777B}
	EndGlobalSection
EndGlobal
